{
  "name": "@kelziejordan/argos",
  "version": "0.1.0-argos-runtime",
  "lockfileVersion": 3,
  "requires": true,
  "packages": {
    "": {
      "name": "@kelziejordan/argos",
      "version": "0.1.0-argos-runtime",
      "dependencies": {
        "@kelziejordan/argcore": "1.0.0-argcore-004"
      }
    },
    "node_modules/@kelziejordan/argcore": {
      "version": "1.0.0-argcore-004"
    }
  }
}
